
Microsoft Visual Studio Solution File, Format Version 12.00
# Visual Studio Version 17
VisualStudioVersion = 17.3.32804.467
MinimumVisualStudioVersion = 10.0.40219.1
Project("{FAE04EC0-301F-11D3-BF4B-00C04F79EFBC}") = "SpotifyKeys", "SpotifyKeys.csproj", "{A2876A44-CA83-4089-89B5-9921B1D9561F}"
EndProject
Global
	GlobalSection(SolutionConfigurationPlatforms) = preSolution
		Debug|Any CPU = Debug|Any CPU
		Release|Any CPU = Release|Any CPU
	EndGlobalSection
	GlobalSection(ProjectConfigurationPlatforms) = postSolution
		{A2876A44-CA83-4089-89B5-9921B1D9561F}.Debug|Any CPU.ActiveCfg = Debug|Any CPU
		{A2876A44-CA83-4089-89B5-9921B1D9561F}.Debug|Any CPU.Build.0 = Debug|Any CPU
		{A2876A44-CA83-4089-89B5-9921B1D9561F}.Release|Any CPU.ActiveCfg = Release|Any CPU
		{A2876A44-CA83-4089-89B5-9921B1D9561F}.Release|Any CPU.Build.0 = Release|Any CPU
	EndGlobalSection
	GlobalSection(SolutionProperties) = preSolution
		HideSolutionNode = FALSE
	EndGlobalSection
	GlobalSection(ExtensibilityGlobals) = postSolution
		SolutionGuid = {A7530D15-D0C1-466B-82D6-BA1D39FABF33}
	EndGlobalSection
EndGlobal
